
Microsoft Visual Studio Solution File, Format Version 12.00
# Visual Studio Version 16
VisualStudioVersion = 16.0.31105.61
MinimumVisualStudioVersion = 10.0.40219.1
Project("{8BC9CEB8-8B4A-11D0-8D11-00A0C91BC942}") = "c연산자,형변환", "c연산자,형변환\c연산자,형변환.vcxproj", "{B51FF4F3-EFEF-43A5-854B-DC31752234C4}"
EndProject
Global
	GlobalSection(SolutionConfigurationPlatforms) = preSolution
		Debug|x64 = Debug|x64
		Debug|x86 = Debug|x86
		Release|x64 = Release|x64
		Release|x86 = Release|x86
	EndGlobalSection
	GlobalSection(ProjectConfigurationPlatforms) = postSolution
		{B51FF4F3-EFEF-43A5-854B-DC31752234C4}.Debug|x64.ActiveCfg = Debug|x64
		{B51FF4F3-EFEF-43A5-854B-DC31752234C4}.Debug|x64.Build.0 = Debug|x64
		{B51FF4F3-EFEF-43A5-854B-DC31752234C4}.Debug|x86.ActiveCfg = Debug|Win32
		{B51FF4F3-EFEF-43A5-854B-DC31752234C4}.Debug|x86.Build.0 = Debug|Win32
		{B51FF4F3-EFEF-43A5-854B-DC31752234C4}.Release|x64.ActiveCfg = Release|x64
		{B51FF4F3-EFEF-43A5-854B-DC31752234C4}.Release|x64.Build.0 = Release|x64
		{B51FF4F3-EFEF-43A5-854B-DC31752234C4}.Release|x86.ActiveCfg = Release|Win32
		{B51FF4F3-EFEF-43A5-854B-DC31752234C4}.Release|x86.Build.0 = Release|Win32
	EndGlobalSection
	GlobalSection(SolutionProperties) = preSolution
		HideSolutionNode = FALSE
	EndGlobalSection
	GlobalSection(ExtensibilityGlobals) = postSolution
		SolutionGuid = {4C3882F4-C0A9-4783-83B4-DD1D3F389D3D}
	EndGlobalSection
EndGlobal
