
Microsoft Visual Studio Solution File, Format Version 12.00
# Visual Studio Version 16
VisualStudioVersion = 16.0.31025.194
MinimumVisualStudioVersion = 10.0.40219.1
Project("{8BC9CEB8-8B4A-11D0-8D11-00A0C91BC942}") = "1.자료형,변수,상수,부동소수,문자형", "1.자료형,변수,상수,부동소수,문자형\1.자료형,변수,상수,부동소수,문자형.vcxproj", "{F678A9F0-FE52-4E09-8B7A-0403D8CE4224}"
EndProject
Global
	GlobalSection(SolutionConfigurationPlatforms) = preSolution
		Debug|x64 = Debug|x64
		Debug|x86 = Debug|x86
		Release|x64 = Release|x64
		Release|x86 = Release|x86
	EndGlobalSection
	GlobalSection(ProjectConfigurationPlatforms) = postSolution
		{F678A9F0-FE52-4E09-8B7A-0403D8CE4224}.Debug|x64.ActiveCfg = Debug|x64
		{F678A9F0-FE52-4E09-8B7A-0403D8CE4224}.Debug|x64.Build.0 = Debug|x64
		{F678A9F0-FE52-4E09-8B7A-0403D8CE4224}.Debug|x86.ActiveCfg = Debug|Win32
		{F678A9F0-FE52-4E09-8B7A-0403D8CE4224}.Debug|x86.Build.0 = Debug|Win32
		{F678A9F0-FE52-4E09-8B7A-0403D8CE4224}.Release|x64.ActiveCfg = Release|x64
		{F678A9F0-FE52-4E09-8B7A-0403D8CE4224}.Release|x64.Build.0 = Release|x64
		{F678A9F0-FE52-4E09-8B7A-0403D8CE4224}.Release|x86.ActiveCfg = Release|Win32
		{F678A9F0-FE52-4E09-8B7A-0403D8CE4224}.Release|x86.Build.0 = Release|Win32
	EndGlobalSection
	GlobalSection(SolutionProperties) = preSolution
		HideSolutionNode = FALSE
	EndGlobalSection
	GlobalSection(ExtensibilityGlobals) = postSolution
		SolutionGuid = {4B3AA807-CBB2-40FE-8CA6-FD1482D65CE1}
	EndGlobalSection
EndGlobal
