
Microsoft Visual Studio Solution File, Format Version 12.00
# Visual Studio Version 16
VisualStudioVersion = 16.0.31105.61
MinimumVisualStudioVersion = 10.0.40219.1
Project("{8BC9CEB8-8B4A-11D0-8D11-00A0C91BC942}") = "k동적할당", "k동적할당\k동적할당.vcxproj", "{178C58F9-57C2-448B-81E3-0D93202CF2A0}"
EndProject
Global
	GlobalSection(SolutionConfigurationPlatforms) = preSolution
		Debug|x64 = Debug|x64
		Debug|x86 = Debug|x86
		Release|x64 = Release|x64
		Release|x86 = Release|x86
	EndGlobalSection
	GlobalSection(ProjectConfigurationPlatforms) = postSolution
		{178C58F9-57C2-448B-81E3-0D93202CF2A0}.Debug|x64.ActiveCfg = Debug|x64
		{178C58F9-57C2-448B-81E3-0D93202CF2A0}.Debug|x64.Build.0 = Debug|x64
		{178C58F9-57C2-448B-81E3-0D93202CF2A0}.Debug|x86.ActiveCfg = Debug|Win32
		{178C58F9-57C2-448B-81E3-0D93202CF2A0}.Debug|x86.Build.0 = Debug|Win32
		{178C58F9-57C2-448B-81E3-0D93202CF2A0}.Release|x64.ActiveCfg = Release|x64
		{178C58F9-57C2-448B-81E3-0D93202CF2A0}.Release|x64.Build.0 = Release|x64
		{178C58F9-57C2-448B-81E3-0D93202CF2A0}.Release|x86.ActiveCfg = Release|Win32
		{178C58F9-57C2-448B-81E3-0D93202CF2A0}.Release|x86.Build.0 = Release|Win32
	EndGlobalSection
	GlobalSection(SolutionProperties) = preSolution
		HideSolutionNode = FALSE
	EndGlobalSection
	GlobalSection(ExtensibilityGlobals) = postSolution
		SolutionGuid = {110FA437-33B2-49DF-9299-25DA2830E411}
	EndGlobalSection
EndGlobal
